// !$*UTF8*$!
{
	archiveVersion = 1;
	classes = {
	};
	objectVersion = 50;
	objects = {

/* Begin PBXBuildFile section */
		1A20503F2145225A0056DF94 /* MethodTraceConfig.plist in Resources */ = {isa = PBXBuildFile; fileRef = 1A20503E2145225A0056DF94 /* MethodTraceConfig.plist */; };
		1A2050422145225A0056DF94 /* put ipa or app here in Resources */ = {isa = PBXBuildFile; fileRef = 1A2050412145225A0056DF94 /* put ipa or app here */; };
		1A20504A2145225A0056DF94 /* libYiTongXingDylib.dylib in CopyFiles */ = {isa = PBXBuildFile; fileRef = 1A2050492145225A0056DF94 /* libYiTongXingDylib.dylib */; settings = {ATTRIBUTES = (CodeSignOnCopy, ); }; };
		1A20504F2145225A0056DF94 /* JavaScriptCore.framework in Frameworks */ = {isa = PBXBuildFile; fileRef = 1A20504E2145225A0056DF94 /* JavaScriptCore.framework */; };
		1A2050512145225A0056DF94 /* Foundation.framework in Frameworks */ = {isa = PBXBuildFile; fileRef = 1A2050502145225A0056DF94 /* Foundation.framework */; };
		1A2050532145225A0056DF94 /* UIKit.framework in Frameworks */ = {isa = PBXBuildFile; fileRef = 1A2050522145225A0056DF94 /* UIKit.framework */; };
		1A2050572145225A0056DF94 /* ANYMethodLog.h in Headers */ = {isa = PBXBuildFile; fileRef = 1A2050562145225A0056DF94 /* ANYMethodLog.h */; };
		1A2050592145225A0056DF94 /* ANYMethodLog.m in Sources */ = {isa = PBXBuildFile; fileRef = 1A2050582145225A0056DF94 /* ANYMethodLog.m */; };
		1A20505B2145225A0056DF94 /* MethodTrace.h in Headers */ = {isa = PBXBuildFile; fileRef = 1A20505A2145225A0056DF94 /* MethodTrace.h */; };
		1A20505D2145225A0056DF94 /* MethodTrace.m in Sources */ = {isa = PBXBuildFile; fileRef = 1A20505C2145225A0056DF94 /* MethodTrace.m */; };
		1A2050622145225A0056DF94 /* AntiAntiDebug.m in Sources */ = {isa = PBXBuildFile; fileRef = 1A2050612145225A0056DF94 /* AntiAntiDebug.m */; };
		1A2050652145225A0056DF94 /* fishhook.c in Sources */ = {isa = PBXBuildFile; fileRef = 1A2050642145225A0056DF94 /* fishhook.c */; };
		1A2050672145225A0056DF94 /* fishhook.h in Headers */ = {isa = PBXBuildFile; fileRef = 1A2050662145225A0056DF94 /* fishhook.h */; };
		1A20506A2145225A0056DF94 /* YiTongXingDylib.mm in Sources */ = {isa = PBXBuildFile; fileRef = 1A2050692145225A0056DF94 /* YiTongXingDylib.mm */; };
		1A20506C2145225A0056DF94 /* YiTongXingDylib.h in Headers */ = {isa = PBXBuildFile; fileRef = 1A20506B2145225A0056DF94 /* YiTongXingDylib.h */; };
		1A20506E2145225A0056DF94 /* YiTongXingDylib.m in Sources */ = {isa = PBXBuildFile; fileRef = 1A20506D2145225A0056DF94 /* YiTongXingDylib.m */; };
		1A20507A214523110056DF94 /* ShortcutItemHandler.m in Sources */ = {isa = PBXBuildFile; fileRef = 1A205077214523110056DF94 /* ShortcutItemHandler.m */; };
		1A20507B214523110056DF94 /* YiTongXingPlugin.h in Headers */ = {isa = PBXBuildFile; fileRef = 1A205078214523110056DF94 /* YiTongXingPlugin.h */; };
		1A20507C214523110056DF94 /* ShortcutItemHandler.h in Headers */ = {isa = PBXBuildFile; fileRef = 1A205079214523110056DF94 /* ShortcutItemHandler.h */; };
/* End PBXBuildFile section */

/* Begin PBXContainerItemProxy section */
		1A20504B2145225A0056DF94 /* PBXContainerItemProxy */ = {
			isa = PBXContainerItemProxy;
			containerPortal = 1A2050302145225A0056DF94 /* Project object */;
			proxyType = 1;
			remoteGlobalIDString = 1A2050482145225A0056DF94;
			remoteInfo = YiTongXingDylib;
		};
/* End PBXContainerItemProxy section */

/* Begin PBXCopyFilesBuildPhase section */
		1A2050382145225A0056DF94 /* CopyFiles */ = {
			isa = PBXCopyFilesBuildPhase;
			buildActionMask = 2147483647;
			dstPath = "";
			dstSubfolderSpec = 10;
			files = (
				1A20504A2145225A0056DF94 /* libYiTongXingDylib.dylib in CopyFiles */,
			);
			runOnlyForDeploymentPostprocessing = 0;
		};
/* End PBXCopyFilesBuildPhase section */

/* Begin PBXFileReference section */
		1A20503B2145225A0056DF94 /* YiTongXing.app */ = {isa = PBXFileReference; explicitFileType = wrapper.application; includeInIndex = 0; path = YiTongXing.app; sourceTree = BUILT_PRODUCTS_DIR; };
		1A20503E2145225A0056DF94 /* MethodTraceConfig.plist */ = {isa = PBXFileReference; lastKnownFileType = text.plist.xml; path = MethodTraceConfig.plist; sourceTree = "<group>"; };
		1A2050412145225A0056DF94 /* put ipa or app here */ = {isa = PBXFileReference; lastKnownFileType = text; name = "put ipa or app here"; path = "TargetApp/put ipa or app here"; sourceTree = "<group>"; };
		1A2050432145225A0056DF94 /* Info.plist */ = {isa = PBXFileReference; lastKnownFileType = text.plist.xml; path = Info.plist; sourceTree = "<group>"; };
		1A2050492145225A0056DF94 /* libYiTongXingDylib.dylib */ = {isa = PBXFileReference; explicitFileType = "compiled.mach-o.dylib"; includeInIndex = 0; path = libYiTongXingDylib.dylib; sourceTree = BUILT_PRODUCTS_DIR; };
		1A20504E2145225A0056DF94 /* JavaScriptCore.framework */ = {isa = PBXFileReference; lastKnownFileType = wrapper.framework; name = JavaScriptCore.framework; path = System/Library/Frameworks/JavaScriptCore.framework; sourceTree = SDKROOT; };
		1A2050502145225A0056DF94 /* Foundation.framework */ = {isa = PBXFileReference; lastKnownFileType = wrapper.framework; name = Foundation.framework; path = System/Library/Frameworks/Foundation.framework; sourceTree = SDKROOT; };
		1A2050522145225A0056DF94 /* UIKit.framework */ = {isa = PBXFileReference; lastKnownFileType = wrapper.framework; name = UIKit.framework; path = System/Library/Frameworks/UIKit.framework; sourceTree = SDKROOT; };
		1A2050562145225A0056DF94 /* ANYMethodLog.h */ = {isa = PBXFileReference; lastKnownFileType = sourcecode.c.h; name = ANYMethodLog.h; path = MethodTrace/ANYMethodLog.h; sourceTree = "<group>"; };
		1A2050582145225A0056DF94 /* ANYMethodLog.m */ = {isa = PBXFileReference; lastKnownFileType = sourcecode.c.objc; name = ANYMethodLog.m; path = MethodTrace/ANYMethodLog.m; sourceTree = "<group>"; };
		1A20505A2145225A0056DF94 /* MethodTrace.h */ = {isa = PBXFileReference; lastKnownFileType = sourcecode.c.h; name = MethodTrace.h; path = MethodTrace/MethodTrace.h; sourceTree = "<group>"; };
		1A20505C2145225A0056DF94 /* MethodTrace.m */ = {isa = PBXFileReference; lastKnownFileType = sourcecode.c.objc; name = MethodTrace.m; path = MethodTrace/MethodTrace.m; sourceTree = "<group>"; };
		1A20505F2145225A0056DF94 /* YiTongXingDylib-Prefix.pch */ = {isa = PBXFileReference; lastKnownFileType = sourcecode.c.h; path = "YiTongXingDylib-Prefix.pch"; sourceTree = "<group>"; };
		1A2050612145225A0056DF94 /* AntiAntiDebug.m */ = {isa = PBXFileReference; lastKnownFileType = sourcecode.c.objc; name = AntiAntiDebug.m; path = AntiAntiDebug/AntiAntiDebug.m; sourceTree = "<group>"; };
		1A2050642145225A0056DF94 /* fishhook.c */ = {isa = PBXFileReference; lastKnownFileType = sourcecode.c.c; name = fishhook.c; path = fishhook/fishhook.c; sourceTree = "<group>"; };
		1A2050662145225A0056DF94 /* fishhook.h */ = {isa = PBXFileReference; lastKnownFileType = sourcecode.c.h; name = fishhook.h; path = fishhook/fishhook.h; sourceTree = "<group>"; };
		1A2050682145225A0056DF94 /* YiTongXingDylib.xm */ = {isa = PBXFileReference; lastKnownFileType = sourcecode.cpp.objcpp; path = YiTongXingDylib.xm; sourceTree = "<group>"; xcLanguageSpecificationIdentifier = xcode.lang.objcpp; };
		1A2050692145225A0056DF94 /* YiTongXingDylib.mm */ = {isa = PBXFileReference; lastKnownFileType = sourcecode.cpp.objcpp; path = YiTongXingDylib.mm; sourceTree = "<group>"; };
		1A20506B2145225A0056DF94 /* YiTongXingDylib.h */ = {isa = PBXFileReference; lastKnownFileType = sourcecode.c.h; path = YiTongXingDylib.h; sourceTree = "<group>"; };
		1A20506D2145225A0056DF94 /* YiTongXingDylib.m */ = {isa = PBXFileReference; lastKnownFileType = sourcecode.c.objc; path = YiTongXingDylib.m; sourceTree = "<group>"; };
		1A205077214523110056DF94 /* ShortcutItemHandler.m */ = {isa = PBXFileReference; fileEncoding = 4; lastKnownFileType = sourcecode.c.objc; path = ShortcutItemHandler.m; sourceTree = "<group>"; };
		1A205078214523110056DF94 /* YiTongXingPlugin.h */ = {isa = PBXFileReference; fileEncoding = 4; lastKnownFileType = sourcecode.c.h; path = YiTongXingPlugin.h; sourceTree = "<group>"; };
		1A205079214523110056DF94 /* ShortcutItemHandler.h */ = {isa = PBXFileReference; fileEncoding = 4; lastKnownFileType = sourcecode.c.h; path = ShortcutItemHandler.h; sourceTree = "<group>"; };
/* End PBXFileReference section */

/* Begin PBXFrameworksBuildPhase section */
		1A2050352145225A0056DF94 /* Frameworks */ = {
			isa = PBXFrameworksBuildPhase;
			buildActionMask = 2147483647;
			files = (
			);
			runOnlyForDeploymentPostprocessing = 0;
		};
		1A2050462145225A0056DF94 /* Frameworks */ = {
			isa = PBXFrameworksBuildPhase;
			buildActionMask = 2147483647;
			files = (
				1A20504F2145225A0056DF94 /* JavaScriptCore.framework in Frameworks */,
				1A2050532145225A0056DF94 /* UIKit.framework in Frameworks */,
				1A2050512145225A0056DF94 /* Foundation.framework in Frameworks */,
			);
			runOnlyForDeploymentPostprocessing = 0;
		};
/* End PBXFrameworksBuildPhase section */

/* Begin PBXGroup section */
		1A20502F2145225A0056DF94 = {
			isa = PBXGroup;
			children = (
				1A20503D2145225A0056DF94 /* YiTongXing */,
				1A2050542145225A0056DF94 /* YiTongXingDylib */,
				1A20504D2145225A0056DF94 /* Frameworks */,
				1A20503C2145225A0056DF94 /* Products */,
			);
			sourceTree = "<group>";
		};
		1A20503C2145225A0056DF94 /* Products */ = {
			isa = PBXGroup;
			children = (
				1A20503B2145225A0056DF94 /* YiTongXing.app */,
				1A2050492145225A0056DF94 /* libYiTongXingDylib.dylib */,
			);
			name = Products;
			sourceTree = "<group>";
		};
		1A20503D2145225A0056DF94 /* YiTongXing */ = {
			isa = PBXGroup;
			children = (
				1A20503E2145225A0056DF94 /* MethodTraceConfig.plist */,
				1A2050432145225A0056DF94 /* Info.plist */,
				1A2050402145225A0056DF94 /* TargetApp */,
			);
			path = YiTongXing;
			sourceTree = "<group>";
		};
		1A2050402145225A0056DF94 /* TargetApp */ = {
			isa = PBXGroup;
			children = (
				1A2050412145225A0056DF94 /* put ipa or app here */,
			);
			name = TargetApp;
			sourceTree = "<group>";
		};
		1A20504D2145225A0056DF94 /* Frameworks */ = {
			isa = PBXGroup;
			children = (
				1A20504E2145225A0056DF94 /* JavaScriptCore.framework */,
				1A2050502145225A0056DF94 /* Foundation.framework */,
				1A2050522145225A0056DF94 /* UIKit.framework */,
			);
			name = Frameworks;
			sourceTree = "<group>";
		};
		1A2050542145225A0056DF94 /* YiTongXingDylib */ = {
			isa = PBXGroup;
			children = (
				1A205079214523110056DF94 /* ShortcutItemHandler.h */,
				1A205077214523110056DF94 /* ShortcutItemHandler.m */,
				1A205078214523110056DF94 /* YiTongXingPlugin.h */,
				1A2050682145225A0056DF94 /* YiTongXingDylib.xm */,
				1A2050692145225A0056DF94 /* YiTongXingDylib.mm */,
				1A20506B2145225A0056DF94 /* YiTongXingDylib.h */,
				1A20506D2145225A0056DF94 /* YiTongXingDylib.m */,
				1A2050552145225A0056DF94 /* MethodTrace */,
				1A2050602145225A0056DF94 /* AntiAntiDebug */,
				1A2050632145225A0056DF94 /* fishhook */,
				1A20505E2145225A0056DF94 /* Supporting Files */,
			);
			path = YiTongXingDylib;
			sourceTree = "<group>";
		};
		1A2050552145225A0056DF94 /* MethodTrace */ = {
			isa = PBXGroup;
			children = (
				1A2050562145225A0056DF94 /* ANYMethodLog.h */,
				1A2050582145225A0056DF94 /* ANYMethodLog.m */,
				1A20505A2145225A0056DF94 /* MethodTrace.h */,
				1A20505C2145225A0056DF94 /* MethodTrace.m */,
			);
			name = MethodTrace;
			sourceTree = "<group>";
		};
		1A20505E2145225A0056DF94 /* Supporting Files */ = {
			isa = PBXGroup;
			children = (
				1A20505F2145225A0056DF94 /* YiTongXingDylib-Prefix.pch */,
			);
			name = "Supporting Files";
			sourceTree = "<group>";
		};
		1A2050602145225A0056DF94 /* AntiAntiDebug */ = {
			isa = PBXGroup;
			children = (
				1A2050612145225A0056DF94 /* AntiAntiDebug.m */,
			);
			name = AntiAntiDebug;
			sourceTree = "<group>";
		};
		1A2050632145225A0056DF94 /* fishhook */ = {
			isa = PBXGroup;
			children = (
				1A2050642145225A0056DF94 /* fishhook.c */,
				1A2050662145225A0056DF94 /* fishhook.h */,
			);
			name = fishhook;
			sourceTree = "<group>";
		};
/* End PBXGroup section */

/* Begin PBXHeadersBuildPhase section */
		1A2050472145225A0056DF94 /* Headers */ = {
			isa = PBXHeadersBuildPhase;
			buildActionMask = 2147483647;
			files = (
				1A20507C214523110056DF94 /* ShortcutItemHandler.h in Headers */,
				1A2050572145225A0056DF94 /* ANYMethodLog.h in Headers */,
				1A20505B2145225A0056DF94 /* MethodTrace.h in Headers */,
				1A2050672145225A0056DF94 /* fishhook.h in Headers */,
				1A20507B214523110056DF94 /* YiTongXingPlugin.h in Headers */,
				1A20506C2145225A0056DF94 /* YiTongXingDylib.h in Headers */,
			);
			runOnlyForDeploymentPostprocessing = 0;
		};
/* End PBXHeadersBuildPhase section */

/* Begin PBXNativeTarget section */
		1A20503A2145225A0056DF94 /* YiTongXing */ = {
			isa = PBXNativeTarget;
			buildConfigurationList = 1A2050742145225A0056DF94 /* Build configuration list for PBXNativeTarget "YiTongXing" */;
			buildPhases = (
				1A2050342145225A0056DF94 /* Sources */,
				1A2050352145225A0056DF94 /* Frameworks */,
				1A2050362145225A0056DF94 /* ShellScript */,
				1A2050372145225A0056DF94 /* Resources */,
				1A2050382145225A0056DF94 /* CopyFiles */,
				1A2050392145225A0056DF94 /* ShellScript */,
			);
			buildRules = (
			);
			dependencies = (
				1A20504C2145225A0056DF94 /* PBXTargetDependency */,
			);
			name = YiTongXing;
			productName = YiTongXing;
			productReference = 1A20503B2145225A0056DF94 /* YiTongXing.app */;
			productType = "com.apple.product-type.application";
		};
		1A2050482145225A0056DF94 /* YiTongXingDylib */ = {
			isa = PBXNativeTarget;
			buildConfigurationList = 1A2050712145225A0056DF94 /* Build configuration list for PBXNativeTarget "YiTongXingDylib" */;
			buildPhases = (
				1A2050442145225A0056DF94 /* ShellScript */,
				1A2050452145225A0056DF94 /* Sources */,
				1A2050462145225A0056DF94 /* Frameworks */,
				1A2050472145225A0056DF94 /* Headers */,
			);
			buildRules = (
			);
			dependencies = (
			);
			name = YiTongXingDylib;
			productName = YiTongXingDylib;
			productReference = 1A2050492145225A0056DF94 /* libYiTongXingDylib.dylib */;
			productType = "com.apple.product-type.library.dynamic";
		};
/* End PBXNativeTarget section */

/* Begin PBXProject section */
		1A2050302145225A0056DF94 /* Project object */ = {
			isa = PBXProject;
			attributes = {
				LastUpgradeCheck = 0940;
				ORGANIZATIONNAME = CodeTips;
				TargetAttributes = {
					1A20503A2145225A0056DF94 = {
						CreatedOnToolsVersion = 9.4.1;
					};
					1A2050482145225A0056DF94 = {
						CreatedOnToolsVersion = 9.4.1;
					};
				};
			};
			buildConfigurationList = 1A2050332145225A0056DF94 /* Build configuration list for PBXProject "YiTongXing" */;
			compatibilityVersion = "Xcode 9.3";
			developmentRegion = en;
			hasScannedForEncodings = 0;
			knownRegions = (
				en,
			);
			mainGroup = 1A20502F2145225A0056DF94;
			productRefGroup = 1A20503C2145225A0056DF94 /* Products */;
			projectDirPath = "";
			projectRoot = "";
			targets = (
				1A20503A2145225A0056DF94 /* YiTongXing */,
				1A2050482145225A0056DF94 /* YiTongXingDylib */,
			);
		};
/* End PBXProject section */

/* Begin PBXResourcesBuildPhase section */
		1A2050372145225A0056DF94 /* Resources */ = {
			isa = PBXResourcesBuildPhase;
			buildActionMask = 2147483647;
			files = (
				1A2050422145225A0056DF94 /* put ipa or app here in Resources */,
				1A20503F2145225A0056DF94 /* MethodTraceConfig.plist in Resources */,
			);
			runOnlyForDeploymentPostprocessing = 0;
		};
/* End PBXResourcesBuildPhase section */

/* Begin PBXShellScriptBuildPhase section */
		1A2050362145225A0056DF94 /* ShellScript */ = {
			isa = PBXShellScriptBuildPhase;
			buildActionMask = 2147483647;
			files = (
			);
			inputPaths = (
			);
			outputPaths = (
			);
			runOnlyForDeploymentPostprocessing = 0;
			shellPath = /bin/sh;
			shellScript = /opt/MonkeyDev/Tools/pack.sh;
		};
		1A2050392145225A0056DF94 /* ShellScript */ = {
			isa = PBXShellScriptBuildPhase;
			buildActionMask = 2147483647;
			files = (
			);
			inputPaths = (
			);
			outputPaths = (
			);
			runOnlyForDeploymentPostprocessing = 0;
			shellPath = /bin/sh;
			shellScript = "/opt/MonkeyDev/Tools/pack.sh codesign";
		};
		1A2050442145225A0056DF94 /* ShellScript */ = {
			isa = PBXShellScriptBuildPhase;
			buildActionMask = 2147483647;
			files = (
			);
			inputPaths = (
			);
			outputPaths = (
			);
			runOnlyForDeploymentPostprocessing = 0;
			shellPath = /bin/sh;
			shellScript = "/opt/MonkeyDev/bin/md --xcbp-logos";
		};
/* End PBXShellScriptBuildPhase section */

/* Begin PBXSourcesBuildPhase section */
		1A2050342145225A0056DF94 /* Sources */ = {
			isa = PBXSourcesBuildPhase;
			buildActionMask = 2147483647;
			files = (
			);
			runOnlyForDeploymentPostprocessing = 0;
		};
		1A2050452145225A0056DF94 /* Sources */ = {
			isa = PBXSourcesBuildPhase;
			buildActionMask = 2147483647;
			files = (
				1A20507A214523110056DF94 /* ShortcutItemHandler.m in Sources */,
				1A20506E2145225A0056DF94 /* YiTongXingDylib.m in Sources */,
				1A2050622145225A0056DF94 /* AntiAntiDebug.m in Sources */,
				1A20505D2145225A0056DF94 /* MethodTrace.m in Sources */,
				1A20506A2145225A0056DF94 /* YiTongXingDylib.mm in Sources */,
				1A2050652145225A0056DF94 /* fishhook.c in Sources */,
				1A2050592145225A0056DF94 /* ANYMethodLog.m in Sources */,
			);
			runOnlyForDeploymentPostprocessing = 0;
		};
/* End PBXSourcesBuildPhase section */

/* Begin PBXTargetDependency section */
		1A20504C2145225A0056DF94 /* PBXTargetDependency */ = {
			isa = PBXTargetDependency;
			target = 1A2050482145225A0056DF94 /* YiTongXingDylib */;
			targetProxy = 1A20504B2145225A0056DF94 /* PBXContainerItemProxy */;
		};
/* End PBXTargetDependency section */

/* Begin XCBuildConfiguration section */
		1A20506F2145225A0056DF94 /* Debug */ = {
			isa = XCBuildConfiguration;
			buildSettings = {
				ALWAYS_SEARCH_USER_PATHS = NO;
				CLANG_ANALYZER_NONNULL = YES;
				CLANG_ANALYZER_NUMBER_OBJECT_CONVERSION = YES_AGGRESSIVE;
				CLANG_CXX_LANGUAGE_STANDARD = "gnu++14";
				CLANG_CXX_LIBRARY = "libc++";
				CLANG_ENABLE_MODULES = YES;
				CLANG_ENABLE_OBJC_ARC = YES;
				CLANG_ENABLE_OBJC_WEAK = YES;
				CLANG_WARN_BLOCK_CAPTURE_AUTORELEASING = YES;
				CLANG_WARN_BOOL_CONVERSION = YES;
				CLANG_WARN_COMMA = YES;
				CLANG_WARN_CONSTANT_CONVERSION = YES;
				CLANG_WARN_DEPRECATED_OBJC_IMPLEMENTATIONS = YES;
				CLANG_WARN_DIRECT_OBJC_ISA_USAGE = YES_ERROR;
				CLANG_WARN_DOCUMENTATION_COMMENTS = YES;
				CLANG_WARN_EMPTY_BODY = YES;
				CLANG_WARN_ENUM_CONVERSION = YES;
				CLANG_WARN_INFINITE_RECURSION = YES;
				CLANG_WARN_INT_CONVERSION = YES;
				CLANG_WARN_NON_LITERAL_NULL_CONVERSION = YES;
				CLANG_WARN_OBJC_IMPLICIT_RETAIN_SELF = YES;
				CLANG_WARN_OBJC_LITERAL_CONVERSION = YES;
				CLANG_WARN_OBJC_ROOT_CLASS = YES_ERROR;
				CLANG_WARN_RANGE_LOOP_ANALYSIS = YES;
				CLANG_WARN_STRICT_PROTOTYPES = YES;
				CLANG_WARN_SUSPICIOUS_MOVE = YES;
				CLANG_WARN_UNGUARDED_AVAILABILITY = YES_AGGRESSIVE;
				CLANG_WARN_UNREACHABLE_CODE = YES;
				CLANG_WARN__DUPLICATE_METHOD_MATCH = YES;
				CODE_SIGN_IDENTITY = "iPhone Developer";
				COPY_PHASE_STRIP = NO;
				DEBUG_INFORMATION_FORMAT = dwarf;
				ENABLE_STRICT_OBJC_MSGSEND = YES;
				ENABLE_TESTABILITY = YES;
				GCC_C_LANGUAGE_STANDARD = gnu11;
				GCC_DYNAMIC_NO_PIC = NO;
				GCC_NO_COMMON_BLOCKS = YES;
				GCC_OPTIMIZATION_LEVEL = 0;
				GCC_PREPROCESSOR_DEFINITIONS = (
					"DEBUG=1",
					"$(inherited)",
				);
				GCC_WARN_64_TO_32_BIT_CONVERSION = YES;
				GCC_WARN_ABOUT_RETURN_TYPE = YES_ERROR;
				GCC_WARN_UNDECLARED_SELECTOR = YES;
				GCC_WARN_UNINITIALIZED_AUTOS = YES_AGGRESSIVE;
				GCC_WARN_UNUSED_FUNCTION = YES;
				GCC_WARN_UNUSED_VARIABLE = YES;
				IPHONEOS_DEPLOYMENT_TARGET = 8.0;
				MTL_ENABLE_DEBUG_INFO = YES;
				ONLY_ACTIVE_ARCH = YES;
				SDKROOT = iphoneos;
			};
			name = Debug;
		};
		1A2050702145225A0056DF94 /* Release */ = {
			isa = XCBuildConfiguration;
			buildSettings = {
				ALWAYS_SEARCH_USER_PATHS = NO;
				CLANG_ANALYZER_NONNULL = YES;
				CLANG_ANALYZER_NUMBER_OBJECT_CONVERSION = YES_AGGRESSIVE;
				CLANG_CXX_LANGUAGE_STANDARD = "gnu++14";
				CLANG_CXX_LIBRARY = "libc++";
				CLANG_ENABLE_MODULES = YES;
				CLANG_ENABLE_OBJC_ARC = YES;
				CLANG_ENABLE_OBJC_WEAK = YES;
				CLANG_WARN_BLOCK_CAPTURE_AUTORELEASING = YES;
				CLANG_WARN_BOOL_CONVERSION = YES;
				CLANG_WARN_COMMA = YES;
				CLANG_WARN_CONSTANT_CONVERSION = YES;
				CLANG_WARN_DEPRECATED_OBJC_IMPLEMENTATIONS = YES;
				CLANG_WARN_DIRECT_OBJC_ISA_USAGE = YES_ERROR;
				CLANG_WARN_DOCUMENTATION_COMMENTS = YES;
				CLANG_WARN_EMPTY_BODY = YES;
				CLANG_WARN_ENUM_CONVERSION = YES;
				CLANG_WARN_INFINITE_RECURSION = YES;
				CLANG_WARN_INT_CONVERSION = YES;
				CLANG_WARN_NON_LITERAL_NULL_CONVERSION = YES;
				CLANG_WARN_OBJC_IMPLICIT_RETAIN_SELF = YES;
				CLANG_WARN_OBJC_LITERAL_CONVERSION = YES;
				CLANG_WARN_OBJC_ROOT_CLASS = YES_ERROR;
				CLANG_WARN_RANGE_LOOP_ANALYSIS = YES;
				CLANG_WARN_STRICT_PROTOTYPES = YES;
				CLANG_WARN_SUSPICIOUS_MOVE = YES;
				CLANG_WARN_UNGUARDED_AVAILABILITY = YES_AGGRESSIVE;
				CLANG_WARN_UNREACHABLE_CODE = YES;
				CLANG_WARN__DUPLICATE_METHOD_MATCH = YES;
				CODE_SIGN_IDENTITY = "iPhone Developer";
				COPY_PHASE_STRIP = NO;
				DEBUG_INFORMATION_FORMAT = "dwarf-with-dsym";
				ENABLE_NS_ASSERTIONS = NO;
				ENABLE_STRICT_OBJC_MSGSEND = YES;
				GCC_C_LANGUAGE_STANDARD = gnu11;
				GCC_NO_COMMON_BLOCKS = YES;
				GCC_WARN_64_TO_32_BIT_CONVERSION = YES;
				GCC_WARN_ABOUT_RETURN_TYPE = YES_ERROR;
				GCC_WARN_UNDECLARED_SELECTOR = YES;
				GCC_WARN_UNINITIALIZED_AUTOS = YES_AGGRESSIVE;
				GCC_WARN_UNUSED_FUNCTION = YES;
				GCC_WARN_UNUSED_VARIABLE = YES;
				IPHONEOS_DEPLOYMENT_TARGET = 8.0;
				MTL_ENABLE_DEBUG_INFO = NO;
				SDKROOT = iphoneos;
				VALIDATE_PRODUCT = YES;
			};
			name = Release;
		};
		1A2050722145225A0056DF94 /* Debug */ = {
			isa = XCBuildConfiguration;
			buildSettings = {
				CODE_SIGN_STYLE = Automatic;
				DEVELOPMENT_TEAM = HSF5STP9ZR;
				DYLIB_COMPATIBILITY_VERSION = 1;
				DYLIB_CURRENT_VERSION = 1;
				ENABLE_BITCODE = NO;
				EXCLUDED_RECURSIVE_SEARCH_PATH_SUBDIRECTORIES = "*.nib *.lproj *.gch (*) .DS_Store CVS .svn .git .hg *.xcodeproj *.xcode *.pbproj *.pbxproj";
				EXECUTABLE_PREFIX = lib;
				FRAMEWORK_SEARCH_PATHS = (
					"$(inherited)",
					"$(MonkeyDevPath)/Frameworks/**",
					"$(MonkeyDevPath)/Librarys/**",
					"$(MonkeyDevTheosPath)/vendor/lib",
				);
				GCC_C_LANGUAGE_STANDARD = gnu99;
				GCC_PRECOMPILE_PREFIX_HEADER = YES;
				GCC_PREFIX_HEADER = "YiTongXingDylib/YiTongXingDylib-Prefix.pch";
				GCC_SYMBOLS_PRIVATE_EXTERN = NO;
				GCC_WARN_ABOUT_MISSING_PROTOTYPES = YES;
				GCC_WARN_ABOUT_RETURN_TYPE = YES;
				HEADER_SEARCH_PATHS = (
					"$(inherited)",
					"$(MonkeyDevPath)/include",
					"$(MonkeyDevTheosPath)/vendor/include/**",
				);
				INSTALL_PATH = "@executable_path/Frameworks/libYiTongXingDylib.dylib";
				LD_RUNPATH_SEARCH_PATHS = (
					"$(inherited)",
					"@executable_path/Frameworks",
				);
				LIBRARY_SEARCH_PATHS = (
					"$(inherited)",
					"$(MonkeyDevPath)/Frameworks",
					"$(MonkeyDevTheosPath)/vendor/lib/**",
				);
				MonkeyDevPath = /opt/MonkeyDev;
				MonkeyDevTheosPath = /opt/theos;
				OTHER_CFLAGS = (
					"$(inherited)",
					"-DTHEOS_INSTANCE_NAME=\"\\\"YiTongXingDylib\\\"\"",
				);
				OTHER_LDFLAGS = (
					"$(inherited)",
					"-weak_library",
					"/usr/lib/libc++.dylib",
					"-weak_library",
					"/usr/lib/libstdc++.dylib",
					"-lsubstrate",
					"-framework",
					Cycript,
					"-framework",
					RevealServer,
				);
				PRODUCT_NAME = "$(TARGET_NAME)";
				TARGETED_DEVICE_FAMILY = "1,2";
				VALIDATE_PRODUCT = NO;
			};
			name = Debug;
		};
		1A2050732145225A0056DF94 /* Release */ = {
			isa = XCBuildConfiguration;
			buildSettings = {
				CODE_SIGN_STYLE = Automatic;
				COPY_PHASE_STRIP = YES;
				DEVELOPMENT_TEAM = HSF5STP9ZR;
				DYLIB_COMPATIBILITY_VERSION = 1;
				DYLIB_CURRENT_VERSION = 1;
				ENABLE_BITCODE = NO;
				EXCLUDED_RECURSIVE_SEARCH_PATH_SUBDIRECTORIES = "*.nib *.lproj *.gch (*) .DS_Store CVS .svn .git .hg *.xcodeproj *.xcode *.pbproj *.pbxproj";
				EXECUTABLE_PREFIX = lib;
				FRAMEWORK_SEARCH_PATHS = (
					"$(inherited)",
					"$(MonkeyDevPath)/Frameworks/**",
					"$(MonkeyDevPath)/Librarys/**",
					"$(MonkeyDevTheosPath)/vendor/lib",
				);
				GCC_C_LANGUAGE_STANDARD = gnu99;
				GCC_PRECOMPILE_PREFIX_HEADER = YES;
				GCC_PREFIX_HEADER = "YiTongXingDylib/YiTongXingDylib-Prefix.pch";
				GCC_WARN_ABOUT_MISSING_PROTOTYPES = YES;
				GCC_WARN_ABOUT_RETURN_TYPE = YES;
				HEADER_SEARCH_PATHS = (
					"$(inherited)",
					"$(MonkeyDevPath)/include",
					"$(MonkeyDevTheosPath)/vendor/include/**",
				);
				INSTALL_PATH = "@executable_path/Frameworks/libYiTongXingDylib.dylib";
				LD_RUNPATH_SEARCH_PATHS = (
					"$(inherited)",
					"@executable_path/Frameworks",
				);
				LIBRARY_SEARCH_PATHS = (
					"$(inherited)",
					"$(MonkeyDevPath)/Frameworks",
					"$(MonkeyDevTheosPath)/vendor/lib/**",
				);
				MonkeyDevPath = /opt/MonkeyDev;
				MonkeyDevTheosPath = /opt/theos;
				OTHER_CFLAGS = (
					"$(inherited)",
					"-DTHEOS_INSTANCE_NAME=\"\\\"YiTongXingDylib\\\"\"",
				);
				OTHER_LDFLAGS = (
					"$(inherited)",
					"-weak_library",
					"/usr/lib/libc++.dylib",
					"-weak_library",
					"/usr/lib/libstdc++.dylib",
					"-lsubstrate",
				);
				PRODUCT_NAME = "$(TARGET_NAME)";
				TARGETED_DEVICE_FAMILY = "1,2";
			};
			name = Release;
		};
		1A2050752145225A0056DF94 /* Debug */ = {
			isa = XCBuildConfiguration;
			buildSettings = {
				CODE_SIGN_STYLE = Automatic;
				DEVELOPMENT_TEAM = HSF5STP9ZR;
				ENABLE_BITCODE = NO;
				INFOPLIST_FILE = YiTongXing/Info.plist;
				IPHONEOS_DEPLOYMENT_TARGET = 9.0;
				MONKEYDEV_CLASS_DUMP = NO;
				MONKEYDEV_RESTORE_SYMBOL = NO;
				PODS_CONFIGURATION_BUILD_DIR = "$BUILD_DIR/$(CONFIGURATION)$(EFFECTIVE_PLATFORM_NAME)";
				PODS_ROOT = "${SRCROOT}/Pods";
				PRODUCT_BUNDLE_IDENTIFIER = Net.CodeTips.YiTongXing;
				PRODUCT_NAME = "$(TARGET_NAME)";
				TARGETED_DEVICE_FAMILY = "1,2";
			};
			name = Debug;
		};
		1A2050762145225A0056DF94 /* Release */ = {
			isa = XCBuildConfiguration;
			buildSettings = {
				CODE_SIGN_STYLE = Automatic;
				DEVELOPMENT_TEAM = HSF5STP9ZR;
				ENABLE_BITCODE = NO;
				INFOPLIST_FILE = YiTongXing/Info.plist;
				IPHONEOS_DEPLOYMENT_TARGET = 9.0;
				MONKEYDEV_CLASS_DUMP = NO;
				MONKEYDEV_RESTORE_SYMBOL = NO;
				PODS_CONFIGURATION_BUILD_DIR = "$BUILD_DIR/$(CONFIGURATION)$(EFFECTIVE_PLATFORM_NAME)";
				PODS_ROOT = "${SRCROOT}/Pods";
				PRODUCT_BUNDLE_IDENTIFIER = Net.CodeTips.YiTongXing;
				PRODUCT_NAME = "$(TARGET_NAME)";
				TARGETED_DEVICE_FAMILY = "1,2";
			};
			name = Release;
		};
/* End XCBuildConfiguration section */

/* Begin XCConfigurationList section */
		1A2050332145225A0056DF94 /* Build configuration list for PBXProject "YiTongXing" */ = {
			isa = XCConfigurationList;
			buildConfigurations = (
				1A20506F2145225A0056DF94 /* Debug */,
				1A2050702145225A0056DF94 /* Release */,
			);
			defaultConfigurationIsVisible = 0;
			defaultConfigurationName = Release;
		};
		1A2050712145225A0056DF94 /* Build configuration list for PBXNativeTarget "YiTongXingDylib" */ = {
			isa = XCConfigurationList;
			buildConfigurations = (
				1A2050722145225A0056DF94 /* Debug */,
				1A2050732145225A0056DF94 /* Release */,
			);
			defaultConfigurationIsVisible = 0;
			defaultConfigurationName = Release;
		};
		1A2050742145225A0056DF94 /* Build configuration list for PBXNativeTarget "YiTongXing" */ = {
			isa = XCConfigurationList;
			buildConfigurations = (
				1A2050752145225A0056DF94 /* Debug */,
				1A2050762145225A0056DF94 /* Release */,
			);
			defaultConfigurationIsVisible = 0;
			defaultConfigurationName = Release;
		};
/* End XCConfigurationList section */
	};
	rootObject = 1A2050302145225A0056DF94 /* Project object */;
}
